PODS:
  - Flutter (1.0.0)
  - integration_test (0.0.1):
    - Flutter
  - mapbox_maps_flutter (0.4.3):
    - Flutter
    - MapboxMaps (~> 10.10.0)
  - MapboxCommon (23.2.1)
  - MapboxCoreMaps (10.10.0):
    - MapboxCommon (~> 23.2)
  - MapboxMaps (10.10.0):
    - MapboxCommon (= 23.2.1)
    - MapboxCoreMaps (= 10.10.0)
    - MapboxMobileEvents (= 1.0.10)
    - Turf (~> 2.0)
  - MapboxMobileEvents (1.0.10)
  - permission_handler_apple (9.0.4):
    - Flutter
  - Turf (2.6.1)

DEPENDENCIES:
  - Flutter (from `Flutter`)
  - integration_test (from `.symlinks/plugins/integration_test/ios`)
  - mapbox_maps_flutter (from `.symlinks/plugins/mapbox_maps_flutter/ios`)
  - permission_handler_apple (from `.symlinks/plugins/permission_handler_apple/ios`)

SPEC REPOS:
  trunk:
    - MapboxCommon
    - MapboxCoreMaps
    - MapboxMaps
    - MapboxMobileEvents
    - Turf

EXTERNAL SOURCES:
  Flutter:
    :path: Flutter
  integration_test:
    :path: ".symlinks/plugins/integration_test/ios"
  mapbox_maps_flutter:
    :path: ".symlinks/plugins/mapbox_maps_flutter/ios"
  permission_handler_apple:
    :path: ".symlinks/plugins/permission_handler_apple/ios"

SPEC CHECKSUMS:
  Flutter: f04841e97a9d0b0a8025694d0796dd46242b2854
  integration_test: a1e7d09bd98eca2fc37aefd79d4f41ad37bdbbe5
  mapbox_maps_flutter: ce54be31983e3eb91b65c8007aad8b523a355d80
  MapboxCommon: 235bb9c27a8985d982e17f216795b1f7ab526782
  MapboxCoreMaps: 4075a9e415b9b3ab6229d09623fef5f791826a5b
  MapboxMaps: a5ad1977764731f97ba04bb7815b6b367e56039c
  MapboxMobileEvents: de50b3a4de180dd129c326e09cd12c8adaaa46d6
  permission_handler_apple: 44366e37eaf29454a1e7b1b7d736c2cceaeb17ce
  Turf: 469ce2c3d22e5e8e4818d5a3b254699a5c89efa4

PODFILE CHECKSUM: 04c8a50f0eb98e8e64bc4237a0712e89ba6c14b8

COCOAPODS: 1.11.3
