PODS:
  - Flutter (1.0.0)
  - integration_test (0.0.1):
    - Flutter
  - mapbox_maps_flutter (2.0.0-rc.1):
    - Flutter
    - MapboxMaps (~> 11.4.0-rc.2)
    - Turf (= 2.8.0)
  - MapboxCommon (24.4.0-rc.2)
  - MapboxCoreMaps (11.4.0-rc.2):
    - MapboxCommon (~> 24.4.0-rc)
  - MapboxMaps (11.4.0-rc.2):
    - MapboxCommon (= 24.4.0-rc.2)
    - MapboxCoreMaps (= 11.4.0-rc.2)
    - Turf (= 2.8.0)
  - permission_handler_apple (9.1.1):
    - Flutter
  - Turf (2.8.0)

DEPENDENCIES:
  - Flutter (from `Flutter`)
  - integration_test (from `.symlinks/plugins/integration_test/ios`)
  - mapbox_maps_flutter (from `.symlinks/plugins/mapbox_maps_flutter/ios`)
  - permission_handler_apple (from `.symlinks/plugins/permission_handler_apple/ios`)

SPEC REPOS:
  trunk:
    - MapboxCommon
    - MapboxCoreMaps
    - MapboxMaps
    - Turf

EXTERNAL SOURCES:
  Flutter:
    :path: Flutter
  integration_test:
    :path: ".symlinks/plugins/integration_test/ios"
  mapbox_maps_flutter:
    :path: ".symlinks/plugins/mapbox_maps_flutter/ios"
  permission_handler_apple:
    :path: ".symlinks/plugins/permission_handler_apple/ios"

SPEC CHECKSUMS:
  Flutter: e0871f40cf51350855a761d2e70bf5af5b9b5de7
  integration_test: ce0a3ffa1de96d1a89ca0ac26fca7ea18a749ef4
  mapbox_maps_flutter: 677b6094f040e319151db7496f87e0176506f3cc
  MapboxCommon: 382ac2426f53bbe673ddea9398671e8eee2d4057
  MapboxCoreMaps: b60c8a4d7dd2378620b1f6175a7d8e9214d250a4
  MapboxMaps: b881158fb698cd589bab38ca78113f1480393370
  permission_handler_apple: e76247795d700c14ea09e3a2d8855d41ee80a2e6
  Turf: aa2ede4298009639d10db36aba1a7ebaad072a5e

PODFILE CHECKSUM: e9395e37b54f3250ebce302f8de7800b2ba2b828

COCOAPODS: 1.15.2
