PODS:
  - Flutter (1.0.0)
  - integration_test (0.0.1):
    - Flutter
  - mapbox_maps_flutter (0.5.0):
    - Flutter
    - MapboxMaps (~> 11.0.0)
  - MapboxCommon (24.0.0)
  - MapboxCoreMaps (11.0.0):
    - MapboxCommon (~> 24.0)
  - MapboxMaps (11.0.0):
    - MapboxCommon (= 24.0.0)
    - MapboxCoreMaps (= 11.0.0)
    - Turf (= 2.7.0)
  - permission_handler_apple (9.0.4):
    - Flutter
  - Turf (2.7.0)

DEPENDENCIES:
  - Flutter (from `Flutter`)
  - integration_test (from `.symlinks/plugins/integration_test/ios`)
  - mapbox_maps_flutter (from `.symlinks/plugins/mapbox_maps_flutter/ios`)
  - permission_handler_apple (from `.symlinks/plugins/permission_handler_apple/ios`)

SPEC REPOS:
  trunk:
    - MapboxCommon
    - MapboxCoreMaps
    - MapboxMaps
    - Turf

EXTERNAL SOURCES:
  Flutter:
    :path: Flutter
  integration_test:
    :path: ".symlinks/plugins/integration_test/ios"
  mapbox_maps_flutter:
    :path: ".symlinks/plugins/mapbox_maps_flutter/ios"
  permission_handler_apple:
    :path: ".symlinks/plugins/permission_handler_apple/ios"

SPEC CHECKSUMS:
  Flutter: f04841e97a9d0b0a8025694d0796dd46242b2854
  integration_test: 13825b8a9334a850581300559b8839134b124670
  mapbox_maps_flutter: 3fe52061c7ca3655c21def2c48ee8270dea519e7
  MapboxCommon: 0cca816960ad2d21c86e1d32435fcb412cfdcf4f
  MapboxCoreMaps: 633f5ecd7580a6d1342ff20cc8732170b2cd7ba3
  MapboxMaps: 1c219108691a2000cb842b02e64d82158d74e6cd
  permission_handler_apple: 44366e37eaf29454a1e7b1b7d736c2cceaeb17ce
  Turf: 13d1a92d969ca0311bbc26e8356cca178ce95da2

PODFILE CHECKSUM: e9395e37b54f3250ebce302f8de7800b2ba2b828

COCOAPODS: 1.14.2
