{
  "pins" : [
    {
      "identity" : "mapbox-common-ios",
      "kind" : "remoteSourceControl",
      "location" : "https://github.com/mapbox/mapbox-common-ios.git",
      "state" : {
        "revision" : "76cf6fa29a5541c20b0d52ec947ca41445c29418",
        "version" : "24.15.0"
      }
    },
    {
      "identity" : "mapbox-core-maps-ios",
      "kind" : "remoteSourceControl",
      "location" : "https://github.com/mapbox/mapbox-core-maps-ios.git",
      "state" : {
        "revision" : "a6256b67e80cc2ca5476470b98ba0d5a924936af",
        "version" : "11.15.0"
      }
    },
    {
      "identity" : "mapbox-maps-ios",
      "kind" : "remoteSourceControl",
      "location" : "https://github.com/mapbox/mapbox-maps-ios.git",
      "state" : {
        "revision" : "48093e34bc5ae2815cfd1dba784fc61feda8a929",
        "version" : "11.15.0"
      }
    },
    {
      "identity" : "turf-swift",
      "kind" : "remoteSourceControl",
      "location" : "https://github.com/mapbox/turf-swift.git",
      "state" : {
        "revision" : "bf840e6b9529d105687840fe2c9dcd74197d46d1",
        "version" : "4.0.0"
      }
    }
  ],
  "version" : 2
}
